<?xml version="1.0" encoding="utf-8"?>
<Project ToolsVersion="4.0" xmlns="http://schemas.microsoft.com/developer/msbuild/2003">
  <ItemGroup>
    <ClCompile Include="Blocks.cpp">
      <Filter>Source Files\Blocks</Filter>
    </ClCompile>
    <ClCompile Include="Classes.cpp">
      <Filter>Source Files\Blocks</Filter>
    </ClCompile>
    <ClCompile Include="Conditions.cpp">
      <Filter>Source Files\Blocks</Filter>
    </ClCompile>
    <ClCompile Include="Functions.cpp">
      <Filter>Source Files\Blocks</Filter>
    </ClCompile>
    <ClCompile Include="Loops.cpp">
      <Filter>Source Files\Blocks</Filter>
    </ClCompile>
    <ClCompile Include="Boolean.cpp">
      <Filter>Source Files\Types</Filter>
    </ClCompile>
    <ClCompile Include="Dictionary.cpp">
      <Filter>Source Files\Types</Filter>
    </ClCompile>
    <ClCompile Include="Float.cpp">
      <Filter>Source Files\Types</Filter>
    </ClCompile>
    <ClCompile Include="Integer.cpp">
      <Filter>Source Files\Types</Filter>
    </ClCompile>
    <ClCompile Include="List.cpp">
      <Filter>Source Files\Types</Filter>
    </ClCompile>
    <ClCompile Include="Sequence.cpp">
      <Filter>Source Files\Types</Filter>
    </ClCompile>
    <ClCompile Include="Queue.cpp">
      <Filter>Source Files\Types</Filter>
    </ClCompile>
    <ClCompile Include="Stack.cpp">
      <Filter>Source Files\Types</Filter>
    </ClCompile>
    <ClCompile Include="String.cpp">
      <Filter>Source Files\Types</Filter>
    </ClCompile>
    <ClCompile Include="Type.cpp">
      <Filter>Source Files\Types</Filter>
    </ClCompile>
    <ClCompile Include="Void.cpp">
      <Filter>Source Files\Types</Filter>
    </ClCompile>
    <ClCompile Include="Tuple.cpp">
      <Filter>Source Files\Types</Filter>
    </ClCompile>
    <ClCompile Include="Exceptions.cpp">
      <Filter>Source Files\Blocks</Filter>
    </ClCompile>
    <ClCompile Include="Exception.cpp">
      <Filter>Source Files</Filter>
    </ClCompile>
    <ClCompile Include="Helper.cpp">
      <Filter>Source Files</Filter>
    </ClCompile>
    <ClCompile Include="Operators.cpp">
      <Filter>Source Files</Filter>
    </ClCompile>
  </ItemGroup>
  <ItemGroup>
    <ClInclude Include="Boolean.h">
      <Filter>Header Files\Types</Filter>
    </ClInclude>
    <ClInclude Include="Dictionary.h">
      <Filter>Header Files\Types</Filter>
    </ClInclude>
    <ClInclude Include="Float.h">
      <Filter>Header Files\Types</Filter>
    </ClInclude>
    <ClInclude Include="Integer.h">
      <Filter>Header Files\Types</Filter>
    </ClInclude>
    <ClInclude Include="List.h">
      <Filter>Header Files\Types</Filter>
    </ClInclude>
    <ClInclude Include="Queue.h">
      <Filter>Header Files\Types</Filter>
    </ClInclude>
    <ClInclude Include="Sequence.h">
      <Filter>Header Files\Types</Filter>
    </ClInclude>
    <ClInclude Include="Tuple.h">
      <Filter>Header Files\Types</Filter>
    </ClInclude>
    <ClInclude Include="Type.h">
      <Filter>Header Files\Types</Filter>
    </ClInclude>
    <ClInclude Include="Void.h">
      <Filter>Header Files\Types</Filter>
    </ClInclude>
    <ClInclude Include="String.h">
      <Filter>Header Files\Types</Filter>
    </ClInclude>
    <ClInclude Include="Stack.h">
      <Filter>Header Files\Types</Filter>
    </ClInclude>
    <ClInclude Include="Blocks.h">
      <Filter>Header Files\Blocks</Filter>
    </ClInclude>
    <ClInclude Include="Conditions.h">
      <Filter>Header Files\Blocks</Filter>
    </ClInclude>
    <ClInclude Include="Classes.h">
      <Filter>Header Files\Blocks</Filter>
    </ClInclude>
    <ClInclude Include="Functions.h">
      <Filter>Header Files\Blocks</Filter>
    </ClInclude>
    <ClInclude Include="Loops.h">
      <Filter>Header Files\Blocks</Filter>
    </ClInclude>
    <ClInclude Include="Exceptions.h">
      <Filter>Header Files\Blocks</Filter>
    </ClInclude>
    <ClInclude Include="Exception.h">
      <Filter>Header Files</Filter>
    </ClInclude>
    <ClInclude Include="Helper.h">
      <Filter>Header Files</Filter>
    </ClInclude>
    <ClInclude Include="Operators.h">
      <Filter>Header Files</Filter>
    </ClInclude>
  </ItemGroup>
  <ItemGroup>
    <Filter Include="Header Files">
      <UniqueIdentifier>{c4f5bb60-b6d0-4fd0-9b46-6a2306e95ce3}</UniqueIdentifier>
    </Filter>
    <Filter Include="Header Files\Types">
      <UniqueIdentifier>{1bb32108-5362-440b-9c6f-8fc0dff4dd34}</UniqueIdentifier>
    </Filter>
    <Filter Include="Header Files\Blocks">
      <UniqueIdentifier>{5ccc3806-94c7-4cd4-ab1b-5068afb4afef}</UniqueIdentifier>
    </Filter>
    <Filter Include="Source Files">
      <UniqueIdentifier>{c6e1f259-696d-46f5-b336-9aa79ddf756d}</UniqueIdentifier>
    </Filter>
    <Filter Include="Source Files\Blocks">
      <UniqueIdentifier>{5ffd0719-0bbf-4867-9a22-f5223fb4ceac}</UniqueIdentifier>
    </Filter>
    <Filter Include="Source Files\Types">
      <UniqueIdentifier>{18adb322-3105-4a09-a327-e167a7758431}</UniqueIdentifier>
    </Filter>
  </ItemGroup>
  <ItemGroup>
    <Text Include="ExceptionsMessage.txt">
      <Filter>Header Files</Filter>
    </Text>
  </ItemGroup>
</Project>